PODS:
  - Defaults (4.1.0)
  - PockKit (0.2.0):
    - PockKit/3rd (= 0.2.0)
    - PockKit/Protocols (= 0.2.0)
    - PockKit/Sources (= 0.2.0)
    - SnapKit
  - PockKit/3rd (0.2.0):
    - SnapKit
  - PockKit/Protocols (0.2.0):
    - SnapKit
  - PockKit/Sources (0.2.0):
    - PockKit/3rd
    - SnapKit
  - SnapKit (5.0.1)

DEPENDENCIES:
  - Defaults
  - PockKit (from `../../../Pod/PockKit`)

SPEC REPOS:
  trunk:
    - Defaults
    - SnapKit

EXTERNAL SOURCES:
  PockKit:
    :path: "../../../Pod/PockKit"

SPEC CHECKSUMS:
  Defaults: 2198ac20a65633de273110b5e9954f0a252f275b
  PockKit: f91db313bae4eef10296593d88dbe38823de3657
  SnapKit: 97b92857e3df3a0c71833cce143274bf6ef8e5eb

PODFILE CHECKSUM: 02a4011cda0ad7b047e0713b8e5b7d86c9d19b39

COCOAPODS: 1.10.0
